
Microsoft Visual Studio Solution File, Format Version 12.00
# Visual Studio Version 16
VisualStudioVersion = 16.0.30804.86
MinimumVisualStudioVersion = 10.0.40219.1
Project("{FAE04EC0-301F-11D3-BF4B-00C04F79EFBC}") = "Day01", "Day01\Day01.csproj", "{347B0E95-A61C-470F-8007-98612DDE8DC2}"
EndProject
Project("{FAE04EC0-301F-11D3-BF4B-00C04F79EFBC}") = "Day02", "Day02\Day02.csproj", "{2763AA08-8C55-4833-A471-9E92BD311A5C}"
EndProject
Global
	GlobalSection(SolutionConfigurationPlatforms) = preSolution
		Debug|Any CPU = Debug|Any CPU
		Release|Any CPU = Release|Any CPU
	EndGlobalSection
	GlobalSection(ProjectConfigurationPlatforms) = postSolution
		{347B0E95-A61C-470F-8007-98612DDE8DC2}.Debug|Any CPU.ActiveCfg = Debug|Any CPU
		{347B0E95-A61C-470F-8007-98612DDE8DC2}.Debug|Any CPU.Build.0 = Debug|Any CPU
		{347B0E95-A61C-470F-8007-98612DDE8DC2}.Release|Any CPU.ActiveCfg = Release|Any CPU
		{347B0E95-A61C-470F-8007-98612DDE8DC2}.Release|Any CPU.Build.0 = Release|Any CPU
		{2763AA08-8C55-4833-A471-9E92BD311A5C}.Debug|Any CPU.ActiveCfg = Debug|Any CPU
		{2763AA08-8C55-4833-A471-9E92BD311A5C}.Debug|Any CPU.Build.0 = Debug|Any CPU
		{2763AA08-8C55-4833-A471-9E92BD311A5C}.Release|Any CPU.ActiveCfg = Release|Any CPU
		{2763AA08-8C55-4833-A471-9E92BD311A5C}.Release|Any CPU.Build.0 = Release|Any CPU
	EndGlobalSection
	GlobalSection(SolutionProperties) = preSolution
		HideSolutionNode = FALSE
	EndGlobalSection
	GlobalSection(ExtensibilityGlobals) = postSolution
		SolutionGuid = {4388D080-2638-47CF-89E3-B42651AF0E50}
	EndGlobalSection
EndGlobal
