
Microsoft Visual Studio Solution File, Format Version 12.00
# Visual Studio Version 17
VisualStudioVersion = 17.0.31903.59
MinimumVisualStudioVersion = 10.0.40219.1
Project("{9A19103F-16F7-4668-BE54-9A1E7A4F7556}") = "Day1", "Day1\Day1.csproj", "{56B8BD14-365E-4526-BF44-A150BB4251F7}"
EndProject
Project("{FAE04EC0-301F-11D3-BF4B-00C04F79EFBC}") = "Day2", "Day2\Day2.csproj", "{8CAB0D86-1944-3217-0369-BEEA92F5DAFB}"
EndProject
Project("{FAE04EC0-301F-11D3-BF4B-00C04F79EFBC}") = "Day3", "Day3\Day3.csproj", "{06DAEF29-AFA7-2E6E-511B-F76E55C60EC4}"
EndProject
Project("{FAE04EC0-301F-11D3-BF4B-00C04F79EFBC}") = "Day4", "Day4\Day4.csproj", "{37F65591-1EB7-4638-AF02-8A85DE399C70}"
EndProject
Project("{FAE04EC0-301F-11D3-BF4B-00C04F79EFBC}") = "Day5", "Day5\Day5.csproj", "{62AB3765-75FE-F50F-419D-7448EC8BC649}"
EndProject
Project("{FAE04EC0-301F-11D3-BF4B-00C04F79EFBC}") = "Day6", "Day6\Day6.csproj", "{15377AF0-295D-4455-BFCE-C5B432B58ECD}"
EndProject
Project("{FAE04EC0-301F-11D3-BF4B-00C04F79EFBC}") = "Day7", "Day7\Day7.csproj", "{17F4EA5E-DDC6-437E-888A-35339C91DE18}"
EndProject
Project("{FAE04EC0-301F-11D3-BF4B-00C04F79EFBC}") = "Day8", "Day8\Day8.csproj", "{66B0B017-2F2D-121D-A7D4-78AF4AA669CC}"
EndProject
Project("{FAE04EC0-301F-11D3-BF4B-00C04F79EFBC}") = "Day9", "Day9\Day9.csproj", "{D6B49F9C-6693-8504-AB93-67119F9FEFC7}"
EndProject
Project("{FAE04EC0-301F-11D3-BF4B-00C04F79EFBC}") = "Day10", "Day10\Day10.csproj", "{ED7BA45B-7E29-7DA6-D775-71BB00021BF4}"
EndProject
Project("{FAE04EC0-301F-11D3-BF4B-00C04F79EFBC}") = "Day11", "Day11\Day11.csproj", "{5ABBC634-5636-5F99-1C90-53DDE08328BE}"
EndProject
Project("{FAE04EC0-301F-11D3-BF4B-00C04F79EFBC}") = "Day12", "Day12\Day12.csproj", "{6F4E91A2-7BAD-206D-BAD6-4A5318FC153C}"
EndProject
Project("{FAE04EC0-301F-11D3-BF4B-00C04F79EFBC}") = "Day13", "Day13\Day13.csproj", "{B30492FF-7203-3EAC-B254-D60A0DAC7354}"
EndProject
Project("{FAE04EC0-301F-11D3-BF4B-00C04F79EFBC}") = "Day14", "Day14\Day14.csproj", "{869F3FAB-C35C-BFD4-15DF-615E79D383CE}"
EndProject
Project("{FAE04EC0-301F-11D3-BF4B-00C04F79EFBC}") = "Day15", "Day15\Day15.csproj", "{CDDAEC7F-2888-A7DB-FD47-676BC129DFA7}"
EndProject
Project("{FAE04EC0-301F-11D3-BF4B-00C04F79EFBC}") = "Day16", "Day16\Day16.csproj", "{3BD32BA8-7D20-B423-51CF-333F1F6C1806}"
EndProject
Project("{FAE04EC0-301F-11D3-BF4B-00C04F79EFBC}") = "Day17", "Day17\Day17.csproj", "{C93DE6CD-DAC0-B277-4EDB-333E512F14DC}"
EndProject
Project("{FAE04EC0-301F-11D3-BF4B-00C04F79EFBC}") = "Day18", "Day18\Day18.csproj", "{DDCE1826-4A0F-CCF9-4168-11F4A72C04F3}"
EndProject
Project("{FAE04EC0-301F-11D3-BF4B-00C04F79EFBC}") = "Day19", "Day19\Day19.csproj", "{EFCCE1BB-80E3-776F-A48B-E99E483717C5}"
EndProject
Global
	GlobalSection(SolutionConfigurationPlatforms) = preSolution
		Debug|Any CPU = Debug|Any CPU
		Release|Any CPU = Release|Any CPU
	EndGlobalSection
	GlobalSection(ProjectConfigurationPlatforms) = postSolution
		{56B8BD14-365E-4526-BF44-A150BB4251F7}.Debug|Any CPU.ActiveCfg = Debug|Any CPU
		{56B8BD14-365E-4526-BF44-A150BB4251F7}.Debug|Any CPU.Build.0 = Debug|Any CPU
		{56B8BD14-365E-4526-BF44-A150BB4251F7}.Release|Any CPU.ActiveCfg = Release|Any CPU
		{56B8BD14-365E-4526-BF44-A150BB4251F7}.Release|Any CPU.Build.0 = Release|Any CPU
		{8CAB0D86-1944-3217-0369-BEEA92F5DAFB}.Debug|Any CPU.ActiveCfg = Debug|Any CPU
		{8CAB0D86-1944-3217-0369-BEEA92F5DAFB}.Debug|Any CPU.Build.0 = Debug|Any CPU
		{8CAB0D86-1944-3217-0369-BEEA92F5DAFB}.Release|Any CPU.ActiveCfg = Release|Any CPU
		{8CAB0D86-1944-3217-0369-BEEA92F5DAFB}.Release|Any CPU.Build.0 = Release|Any CPU
		{06DAEF29-AFA7-2E6E-511B-F76E55C60EC4}.Debug|Any CPU.ActiveCfg = Debug|Any CPU
		{06DAEF29-AFA7-2E6E-511B-F76E55C60EC4}.Debug|Any CPU.Build.0 = Debug|Any CPU
		{06DAEF29-AFA7-2E6E-511B-F76E55C60EC4}.Release|Any CPU.ActiveCfg = Release|Any CPU
		{06DAEF29-AFA7-2E6E-511B-F76E55C60EC4}.Release|Any CPU.Build.0 = Release|Any CPU
		{37F65591-1EB7-4638-AF02-8A85DE399C70}.Debug|Any CPU.ActiveCfg = Debug|Any CPU
		{37F65591-1EB7-4638-AF02-8A85DE399C70}.Debug|Any CPU.Build.0 = Debug|Any CPU
		{37F65591-1EB7-4638-AF02-8A85DE399C70}.Release|Any CPU.ActiveCfg = Release|Any CPU
		{37F65591-1EB7-4638-AF02-8A85DE399C70}.Release|Any CPU.Build.0 = Release|Any CPU
		{62AB3765-75FE-F50F-419D-7448EC8BC649}.Debug|Any CPU.ActiveCfg = Debug|Any CPU
		{62AB3765-75FE-F50F-419D-7448EC8BC649}.Debug|Any CPU.Build.0 = Debug|Any CPU
		{62AB3765-75FE-F50F-419D-7448EC8BC649}.Release|Any CPU.ActiveCfg = Release|Any CPU
		{62AB3765-75FE-F50F-419D-7448EC8BC649}.Release|Any CPU.Build.0 = Release|Any CPU
		{15377AF0-295D-4455-BFCE-C5B432B58ECD}.Debug|Any CPU.ActiveCfg = Debug|Any CPU
		{15377AF0-295D-4455-BFCE-C5B432B58ECD}.Debug|Any CPU.Build.0 = Debug|Any CPU
		{15377AF0-295D-4455-BFCE-C5B432B58ECD}.Release|Any CPU.ActiveCfg = Release|Any CPU
		{15377AF0-295D-4455-BFCE-C5B432B58ECD}.Release|Any CPU.Build.0 = Release|Any CPU
		{17F4EA5E-DDC6-437E-888A-35339C91DE18}.Debug|Any CPU.ActiveCfg = Debug|Any CPU
		{17F4EA5E-DDC6-437E-888A-35339C91DE18}.Debug|Any CPU.Build.0 = Debug|Any CPU
		{17F4EA5E-DDC6-437E-888A-35339C91DE18}.Release|Any CPU.ActiveCfg = Release|Any CPU
		{17F4EA5E-DDC6-437E-888A-35339C91DE18}.Release|Any CPU.Build.0 = Release|Any CPU
		{66B0B017-2F2D-121D-A7D4-78AF4AA669CC}.Debug|Any CPU.ActiveCfg = Debug|Any CPU
		{66B0B017-2F2D-121D-A7D4-78AF4AA669CC}.Debug|Any CPU.Build.0 = Debug|Any CPU
		{66B0B017-2F2D-121D-A7D4-78AF4AA669CC}.Release|Any CPU.ActiveCfg = Release|Any CPU
		{66B0B017-2F2D-121D-A7D4-78AF4AA669CC}.Release|Any CPU.Build.0 = Release|Any CPU
		{D6B49F9C-6693-8504-AB93-67119F9FEFC7}.Debug|Any CPU.ActiveCfg = Debug|Any CPU
		{D6B49F9C-6693-8504-AB93-67119F9FEFC7}.Debug|Any CPU.Build.0 = Debug|Any CPU
		{D6B49F9C-6693-8504-AB93-67119F9FEFC7}.Release|Any CPU.ActiveCfg = Release|Any CPU
		{D6B49F9C-6693-8504-AB93-67119F9FEFC7}.Release|Any CPU.Build.0 = Release|Any CPU
		{ED7BA45B-7E29-7DA6-D775-71BB00021BF4}.Debug|Any CPU.ActiveCfg = Debug|Any CPU
		{ED7BA45B-7E29-7DA6-D775-71BB00021BF4}.Debug|Any CPU.Build.0 = Debug|Any CPU
		{ED7BA45B-7E29-7DA6-D775-71BB00021BF4}.Release|Any CPU.ActiveCfg = Release|Any CPU
		{ED7BA45B-7E29-7DA6-D775-71BB00021BF4}.Release|Any CPU.Build.0 = Release|Any CPU
		{5ABBC634-5636-5F99-1C90-53DDE08328BE}.Debug|Any CPU.ActiveCfg = Debug|Any CPU
		{5ABBC634-5636-5F99-1C90-53DDE08328BE}.Debug|Any CPU.Build.0 = Debug|Any CPU
		{5ABBC634-5636-5F99-1C90-53DDE08328BE}.Release|Any CPU.ActiveCfg = Release|Any CPU
		{5ABBC634-5636-5F99-1C90-53DDE08328BE}.Release|Any CPU.Build.0 = Release|Any CPU
		{6F4E91A2-7BAD-206D-BAD6-4A5318FC153C}.Debug|Any CPU.ActiveCfg = Debug|Any CPU
		{6F4E91A2-7BAD-206D-BAD6-4A5318FC153C}.Debug|Any CPU.Build.0 = Debug|Any CPU
		{6F4E91A2-7BAD-206D-BAD6-4A5318FC153C}.Release|Any CPU.ActiveCfg = Release|Any CPU
		{6F4E91A2-7BAD-206D-BAD6-4A5318FC153C}.Release|Any CPU.Build.0 = Release|Any CPU
		{B30492FF-7203-3EAC-B254-D60A0DAC7354}.Debug|Any CPU.ActiveCfg = Debug|Any CPU
		{B30492FF-7203-3EAC-B254-D60A0DAC7354}.Debug|Any CPU.Build.0 = Debug|Any CPU
		{B30492FF-7203-3EAC-B254-D60A0DAC7354}.Release|Any CPU.ActiveCfg = Release|Any CPU
		{B30492FF-7203-3EAC-B254-D60A0DAC7354}.Release|Any CPU.Build.0 = Release|Any CPU
		{869F3FAB-C35C-BFD4-15DF-615E79D383CE}.Debug|Any CPU.ActiveCfg = Debug|Any CPU
		{869F3FAB-C35C-BFD4-15DF-615E79D383CE}.Debug|Any CPU.Build.0 = Debug|Any CPU
		{869F3FAB-C35C-BFD4-15DF-615E79D383CE}.Release|Any CPU.ActiveCfg = Release|Any CPU
		{869F3FAB-C35C-BFD4-15DF-615E79D383CE}.Release|Any CPU.Build.0 = Release|Any CPU
		{CDDAEC7F-2888-A7DB-FD47-676BC129DFA7}.Debug|Any CPU.ActiveCfg = Debug|Any CPU
		{CDDAEC7F-2888-A7DB-FD47-676BC129DFA7}.Debug|Any CPU.Build.0 = Debug|Any CPU
		{CDDAEC7F-2888-A7DB-FD47-676BC129DFA7}.Release|Any CPU.ActiveCfg = Release|Any CPU
		{CDDAEC7F-2888-A7DB-FD47-676BC129DFA7}.Release|Any CPU.Build.0 = Release|Any CPU
		{3BD32BA8-7D20-B423-51CF-333F1F6C1806}.Debug|Any CPU.ActiveCfg = Debug|Any CPU
		{3BD32BA8-7D20-B423-51CF-333F1F6C1806}.Debug|Any CPU.Build.0 = Debug|Any CPU
		{3BD32BA8-7D20-B423-51CF-333F1F6C1806}.Release|Any CPU.ActiveCfg = Release|Any CPU
		{3BD32BA8-7D20-B423-51CF-333F1F6C1806}.Release|Any CPU.Build.0 = Release|Any CPU
		{C93DE6CD-DAC0-B277-4EDB-333E512F14DC}.Debug|Any CPU.ActiveCfg = Debug|Any CPU
		{C93DE6CD-DAC0-B277-4EDB-333E512F14DC}.Debug|Any CPU.Build.0 = Debug|Any CPU
		{C93DE6CD-DAC0-B277-4EDB-333E512F14DC}.Release|Any CPU.ActiveCfg = Release|Any CPU
		{C93DE6CD-DAC0-B277-4EDB-333E512F14DC}.Release|Any CPU.Build.0 = Release|Any CPU
		{DDCE1826-4A0F-CCF9-4168-11F4A72C04F3}.Debug|Any CPU.ActiveCfg = Debug|Any CPU
		{DDCE1826-4A0F-CCF9-4168-11F4A72C04F3}.Debug|Any CPU.Build.0 = Debug|Any CPU
		{DDCE1826-4A0F-CCF9-4168-11F4A72C04F3}.Release|Any CPU.ActiveCfg = Release|Any CPU
		{DDCE1826-4A0F-CCF9-4168-11F4A72C04F3}.Release|Any CPU.Build.0 = Release|Any CPU
		{EFCCE1BB-80E3-776F-A48B-E99E483717C5}.Debug|Any CPU.ActiveCfg = Debug|Any CPU
		{EFCCE1BB-80E3-776F-A48B-E99E483717C5}.Debug|Any CPU.Build.0 = Debug|Any CPU
		{EFCCE1BB-80E3-776F-A48B-E99E483717C5}.Release|Any CPU.ActiveCfg = Release|Any CPU
		{EFCCE1BB-80E3-776F-A48B-E99E483717C5}.Release|Any CPU.Build.0 = Release|Any CPU
	EndGlobalSection
	GlobalSection(SolutionProperties) = preSolution
		HideSolutionNode = FALSE
	EndGlobalSection
	GlobalSection(ExtensibilityGlobals) = postSolution
		SolutionGuid = {2E9EF0FB-789F-4E5C-86BB-F0ACF8790F31}
	EndGlobalSection
EndGlobal
