
Microsoft Visual Studio Solution File, Format Version 12.00
# Visual Studio Version 16
VisualStudioVersion = 16.0.30709.64
MinimumVisualStudioVersion = 10.0.40219.1
Project("{9A19103F-16F7-4668-BE54-9A1E7A4F7556}") = "Day1", "Day1a\Day1.csproj", "{56A2D6B8-42D2-4D2B-BE22-B2F801ECE23D}"
EndProject
Project("{9A19103F-16F7-4668-BE54-9A1E7A4F7556}") = "Day2", "Day2\Day2.csproj", "{2E383041-DE06-4489-99BF-ABE770E3BFA5}"
EndProject
Project("{9A19103F-16F7-4668-BE54-9A1E7A4F7556}") = "Day3", "Day3\Day3.csproj", "{5A2689B4-3B53-4129-8479-BDAF65EB380C}"
EndProject
Project("{9A19103F-16F7-4668-BE54-9A1E7A4F7556}") = "Day4", "Day4\Day4.csproj", "{BD7AD486-9D9E-4202-A348-E0405DF480BC}"
EndProject
Project("{9A19103F-16F7-4668-BE54-9A1E7A4F7556}") = "Day5", "Day5\Day5.csproj", "{F132841D-F601-47C6-B760-36D1160F6623}"
EndProject
Project("{9A19103F-16F7-4668-BE54-9A1E7A4F7556}") = "Day6", "Day6\Day6.csproj", "{1082354C-EDBC-434F-86E1-C08745E2C7A7}"
EndProject
Project("{9A19103F-16F7-4668-BE54-9A1E7A4F7556}") = "Day7", "Day7\Day7.csproj", "{DD7B1DBE-9795-4CA5-A7CA-5A52FDCDE3AC}"
EndProject
Project("{9A19103F-16F7-4668-BE54-9A1E7A4F7556}") = "Day8", "Day8\Day8.csproj", "{3E402808-57E2-43C4-8A41-D971E896CA23}"
EndProject
Project("{9A19103F-16F7-4668-BE54-9A1E7A4F7556}") = "Day9", "Day9\Day9.csproj", "{20788CE6-2A2A-42E0-97CF-BB8C1AC92010}"
EndProject
Project("{9A19103F-16F7-4668-BE54-9A1E7A4F7556}") = "Day10", "Day10\Day10.csproj", "{03B24E58-659C-4A71-A788-CDCC8A67631D}"
EndProject
Project("{9A19103F-16F7-4668-BE54-9A1E7A4F7556}") = "Day11", "Day11\Day11.csproj", "{DC21DC76-C89D-4363-97F4-D07189984527}"
EndProject
Project("{9A19103F-16F7-4668-BE54-9A1E7A4F7556}") = "Day12", "Day12\Day12.csproj", "{DB6D3F4A-CA07-4ABF-97A6-0F22A812129D}"
EndProject
Project("{9A19103F-16F7-4668-BE54-9A1E7A4F7556}") = "Day13", "Day13\Day13.csproj", "{ED9070ED-9D4C-4F14-8100-0F96268D235F}"
EndProject
Project("{9A19103F-16F7-4668-BE54-9A1E7A4F7556}") = "Day14", "Day14\Day14.csproj", "{CC2AEBAB-75CA-4DCC-BADB-7FC9EBE1B79E}"
EndProject
Project("{9A19103F-16F7-4668-BE54-9A1E7A4F7556}") = "Day15", "Day15\Day15.csproj", "{6AB85ECC-18C5-4FA3-AD72-A64E36F9CF4B}"
EndProject
Project("{9A19103F-16F7-4668-BE54-9A1E7A4F7556}") = "Day16", "Day16\Day16.csproj", "{68D9A1F5-B4B6-41E5-A5BA-CE5B7BE8E5F8}"
EndProject
Project("{9A19103F-16F7-4668-BE54-9A1E7A4F7556}") = "Day17", "Day17\Day17.csproj", "{E6CD3ABF-8B9F-4A64-B8AA-E2B0478CDF4D}"
EndProject
Project("{9A19103F-16F7-4668-BE54-9A1E7A4F7556}") = "Day18", "Day18\Day18.csproj", "{D5FEA4F1-0EBF-440B-AFA3-BC89C7571943}"
EndProject
Project("{9A19103F-16F7-4668-BE54-9A1E7A4F7556}") = "Day19", "Day19\Day19.csproj", "{C0C43EE4-93E5-4940-9207-28D018202A71}"
EndProject
Project("{9A19103F-16F7-4668-BE54-9A1E7A4F7556}") = "Day20", "Day20\Day20.csproj", "{05B441D9-ADFF-459B-ACD1-F860929E2B61}"
EndProject
Project("{9A19103F-16F7-4668-BE54-9A1E7A4F7556}") = "Day21", "Day21\Day21.csproj", "{278EC07E-0AB8-4ED5-B580-95A3F077BC33}"
EndProject
Project("{9A19103F-16F7-4668-BE54-9A1E7A4F7556}") = "Day22", "Day22\Day22.csproj", "{4F7B2F0A-212A-428A-86CE-E431FD8C80E6}"
EndProject
Project("{FAE04EC0-301F-11D3-BF4B-00C04F79EFBC}") = "Day23", "Day23\Day23.csproj", "{8612AB4D-6244-4781-B9FE-AB3EF8D0CD19}"
EndProject
Project("{FAE04EC0-301F-11D3-BF4B-00C04F79EFBC}") = "Day24", "Day24\Day24.csproj", "{4EDB82E6-86F9-4711-98F8-9482DF595929}"
EndProject
Project("{FAE04EC0-301F-11D3-BF4B-00C04F79EFBC}") = "Day25", "Day25\Day25.csproj", "{2979847A-331F-437C-AA2C-5A2ADD9BACC8}"
EndProject
Global
	GlobalSection(SolutionConfigurationPlatforms) = preSolution
		Debug|Any CPU = Debug|Any CPU
		Release|Any CPU = Release|Any CPU
	EndGlobalSection
	GlobalSection(ProjectConfigurationPlatforms) = postSolution
		{56A2D6B8-42D2-4D2B-BE22-B2F801ECE23D}.Debug|Any CPU.ActiveCfg = Debug|Any CPU
		{56A2D6B8-42D2-4D2B-BE22-B2F801ECE23D}.Debug|Any CPU.Build.0 = Debug|Any CPU
		{56A2D6B8-42D2-4D2B-BE22-B2F801ECE23D}.Release|Any CPU.ActiveCfg = Release|Any CPU
		{56A2D6B8-42D2-4D2B-BE22-B2F801ECE23D}.Release|Any CPU.Build.0 = Release|Any CPU
		{2E383041-DE06-4489-99BF-ABE770E3BFA5}.Debug|Any CPU.ActiveCfg = Debug|Any CPU
		{2E383041-DE06-4489-99BF-ABE770E3BFA5}.Debug|Any CPU.Build.0 = Debug|Any CPU
		{2E383041-DE06-4489-99BF-ABE770E3BFA5}.Release|Any CPU.ActiveCfg = Release|Any CPU
		{2E383041-DE06-4489-99BF-ABE770E3BFA5}.Release|Any CPU.Build.0 = Release|Any CPU
		{5A2689B4-3B53-4129-8479-BDAF65EB380C}.Debug|Any CPU.ActiveCfg = Debug|Any CPU
		{5A2689B4-3B53-4129-8479-BDAF65EB380C}.Debug|Any CPU.Build.0 = Debug|Any CPU
		{5A2689B4-3B53-4129-8479-BDAF65EB380C}.Release|Any CPU.ActiveCfg = Release|Any CPU
		{5A2689B4-3B53-4129-8479-BDAF65EB380C}.Release|Any CPU.Build.0 = Release|Any CPU
		{BD7AD486-9D9E-4202-A348-E0405DF480BC}.Debug|Any CPU.ActiveCfg = Debug|Any CPU
		{BD7AD486-9D9E-4202-A348-E0405DF480BC}.Debug|Any CPU.Build.0 = Debug|Any CPU
		{BD7AD486-9D9E-4202-A348-E0405DF480BC}.Release|Any CPU.ActiveCfg = Release|Any CPU
		{BD7AD486-9D9E-4202-A348-E0405DF480BC}.Release|Any CPU.Build.0 = Release|Any CPU
		{F132841D-F601-47C6-B760-36D1160F6623}.Debug|Any CPU.ActiveCfg = Debug|Any CPU
		{F132841D-F601-47C6-B760-36D1160F6623}.Debug|Any CPU.Build.0 = Debug|Any CPU
		{F132841D-F601-47C6-B760-36D1160F6623}.Release|Any CPU.ActiveCfg = Release|Any CPU
		{F132841D-F601-47C6-B760-36D1160F6623}.Release|Any CPU.Build.0 = Release|Any CPU
		{1082354C-EDBC-434F-86E1-C08745E2C7A7}.Debug|Any CPU.ActiveCfg = Debug|Any CPU
		{1082354C-EDBC-434F-86E1-C08745E2C7A7}.Debug|Any CPU.Build.0 = Debug|Any CPU
		{1082354C-EDBC-434F-86E1-C08745E2C7A7}.Release|Any CPU.ActiveCfg = Release|Any CPU
		{1082354C-EDBC-434F-86E1-C08745E2C7A7}.Release|Any CPU.Build.0 = Release|Any CPU
		{DD7B1DBE-9795-4CA5-A7CA-5A52FDCDE3AC}.Debug|Any CPU.ActiveCfg = Debug|Any CPU
		{DD7B1DBE-9795-4CA5-A7CA-5A52FDCDE3AC}.Debug|Any CPU.Build.0 = Debug|Any CPU
		{DD7B1DBE-9795-4CA5-A7CA-5A52FDCDE3AC}.Release|Any CPU.ActiveCfg = Release|Any CPU
		{DD7B1DBE-9795-4CA5-A7CA-5A52FDCDE3AC}.Release|Any CPU.Build.0 = Release|Any CPU
		{3E402808-57E2-43C4-8A41-D971E896CA23}.Debug|Any CPU.ActiveCfg = Debug|Any CPU
		{3E402808-57E2-43C4-8A41-D971E896CA23}.Debug|Any CPU.Build.0 = Debug|Any CPU
		{3E402808-57E2-43C4-8A41-D971E896CA23}.Release|Any CPU.ActiveCfg = Release|Any CPU
		{3E402808-57E2-43C4-8A41-D971E896CA23}.Release|Any CPU.Build.0 = Release|Any CPU
		{20788CE6-2A2A-42E0-97CF-BB8C1AC92010}.Debug|Any CPU.ActiveCfg = Debug|Any CPU
		{20788CE6-2A2A-42E0-97CF-BB8C1AC92010}.Debug|Any CPU.Build.0 = Debug|Any CPU
		{20788CE6-2A2A-42E0-97CF-BB8C1AC92010}.Release|Any CPU.ActiveCfg = Release|Any CPU
		{20788CE6-2A2A-42E0-97CF-BB8C1AC92010}.Release|Any CPU.Build.0 = Release|Any CPU
		{03B24E58-659C-4A71-A788-CDCC8A67631D}.Debug|Any CPU.ActiveCfg = Debug|Any CPU
		{03B24E58-659C-4A71-A788-CDCC8A67631D}.Debug|Any CPU.Build.0 = Debug|Any CPU
		{03B24E58-659C-4A71-A788-CDCC8A67631D}.Release|Any CPU.ActiveCfg = Release|Any CPU
		{03B24E58-659C-4A71-A788-CDCC8A67631D}.Release|Any CPU.Build.0 = Release|Any CPU
		{DC21DC76-C89D-4363-97F4-D07189984527}.Debug|Any CPU.ActiveCfg = Debug|Any CPU
		{DC21DC76-C89D-4363-97F4-D07189984527}.Debug|Any CPU.Build.0 = Debug|Any CPU
		{DC21DC76-C89D-4363-97F4-D07189984527}.Release|Any CPU.ActiveCfg = Release|Any CPU
		{DC21DC76-C89D-4363-97F4-D07189984527}.Release|Any CPU.Build.0 = Release|Any CPU
		{DB6D3F4A-CA07-4ABF-97A6-0F22A812129D}.Debug|Any CPU.ActiveCfg = Debug|Any CPU
		{DB6D3F4A-CA07-4ABF-97A6-0F22A812129D}.Debug|Any CPU.Build.0 = Debug|Any CPU
		{DB6D3F4A-CA07-4ABF-97A6-0F22A812129D}.Release|Any CPU.ActiveCfg = Release|Any CPU
		{DB6D3F4A-CA07-4ABF-97A6-0F22A812129D}.Release|Any CPU.Build.0 = Release|Any CPU
		{ED9070ED-9D4C-4F14-8100-0F96268D235F}.Debug|Any CPU.ActiveCfg = Debug|Any CPU
		{ED9070ED-9D4C-4F14-8100-0F96268D235F}.Debug|Any CPU.Build.0 = Debug|Any CPU
		{ED9070ED-9D4C-4F14-8100-0F96268D235F}.Release|Any CPU.ActiveCfg = Release|Any CPU
		{ED9070ED-9D4C-4F14-8100-0F96268D235F}.Release|Any CPU.Build.0 = Release|Any CPU
		{CC2AEBAB-75CA-4DCC-BADB-7FC9EBE1B79E}.Debug|Any CPU.ActiveCfg = Debug|Any CPU
		{CC2AEBAB-75CA-4DCC-BADB-7FC9EBE1B79E}.Debug|Any CPU.Build.0 = Debug|Any CPU
		{CC2AEBAB-75CA-4DCC-BADB-7FC9EBE1B79E}.Release|Any CPU.ActiveCfg = Release|Any CPU
		{CC2AEBAB-75CA-4DCC-BADB-7FC9EBE1B79E}.Release|Any CPU.Build.0 = Release|Any CPU
		{6AB85ECC-18C5-4FA3-AD72-A64E36F9CF4B}.Debug|Any CPU.ActiveCfg = Debug|Any CPU
		{6AB85ECC-18C5-4FA3-AD72-A64E36F9CF4B}.Debug|Any CPU.Build.0 = Debug|Any CPU
		{6AB85ECC-18C5-4FA3-AD72-A64E36F9CF4B}.Release|Any CPU.ActiveCfg = Release|Any CPU
		{6AB85ECC-18C5-4FA3-AD72-A64E36F9CF4B}.Release|Any CPU.Build.0 = Release|Any CPU
		{68D9A1F5-B4B6-41E5-A5BA-CE5B7BE8E5F8}.Debug|Any CPU.ActiveCfg = Debug|Any CPU
		{68D9A1F5-B4B6-41E5-A5BA-CE5B7BE8E5F8}.Debug|Any CPU.Build.0 = Debug|Any CPU
		{68D9A1F5-B4B6-41E5-A5BA-CE5B7BE8E5F8}.Release|Any CPU.ActiveCfg = Release|Any CPU
		{68D9A1F5-B4B6-41E5-A5BA-CE5B7BE8E5F8}.Release|Any CPU.Build.0 = Release|Any CPU
		{E6CD3ABF-8B9F-4A64-B8AA-E2B0478CDF4D}.Debug|Any CPU.ActiveCfg = Debug|Any CPU
		{E6CD3ABF-8B9F-4A64-B8AA-E2B0478CDF4D}.Debug|Any CPU.Build.0 = Debug|Any CPU
		{E6CD3ABF-8B9F-4A64-B8AA-E2B0478CDF4D}.Release|Any CPU.ActiveCfg = Release|Any CPU
		{E6CD3ABF-8B9F-4A64-B8AA-E2B0478CDF4D}.Release|Any CPU.Build.0 = Release|Any CPU
		{D5FEA4F1-0EBF-440B-AFA3-BC89C7571943}.Debug|Any CPU.ActiveCfg = Debug|Any CPU
		{D5FEA4F1-0EBF-440B-AFA3-BC89C7571943}.Debug|Any CPU.Build.0 = Debug|Any CPU
		{D5FEA4F1-0EBF-440B-AFA3-BC89C7571943}.Release|Any CPU.ActiveCfg = Release|Any CPU
		{D5FEA4F1-0EBF-440B-AFA3-BC89C7571943}.Release|Any CPU.Build.0 = Release|Any CPU
		{C0C43EE4-93E5-4940-9207-28D018202A71}.Debug|Any CPU.ActiveCfg = Debug|Any CPU
		{C0C43EE4-93E5-4940-9207-28D018202A71}.Debug|Any CPU.Build.0 = Debug|Any CPU
		{C0C43EE4-93E5-4940-9207-28D018202A71}.Release|Any CPU.ActiveCfg = Release|Any CPU
		{C0C43EE4-93E5-4940-9207-28D018202A71}.Release|Any CPU.Build.0 = Release|Any CPU
		{05B441D9-ADFF-459B-ACD1-F860929E2B61}.Debug|Any CPU.ActiveCfg = Debug|Any CPU
		{05B441D9-ADFF-459B-ACD1-F860929E2B61}.Debug|Any CPU.Build.0 = Debug|Any CPU
		{05B441D9-ADFF-459B-ACD1-F860929E2B61}.Release|Any CPU.ActiveCfg = Release|Any CPU
		{05B441D9-ADFF-459B-ACD1-F860929E2B61}.Release|Any CPU.Build.0 = Release|Any CPU
		{278EC07E-0AB8-4ED5-B580-95A3F077BC33}.Debug|Any CPU.ActiveCfg = Debug|Any CPU
		{278EC07E-0AB8-4ED5-B580-95A3F077BC33}.Debug|Any CPU.Build.0 = Debug|Any CPU
		{278EC07E-0AB8-4ED5-B580-95A3F077BC33}.Release|Any CPU.ActiveCfg = Release|Any CPU
		{278EC07E-0AB8-4ED5-B580-95A3F077BC33}.Release|Any CPU.Build.0 = Release|Any CPU
		{4F7B2F0A-212A-428A-86CE-E431FD8C80E6}.Debug|Any CPU.ActiveCfg = Debug|Any CPU
		{4F7B2F0A-212A-428A-86CE-E431FD8C80E6}.Debug|Any CPU.Build.0 = Debug|Any CPU
		{4F7B2F0A-212A-428A-86CE-E431FD8C80E6}.Release|Any CPU.ActiveCfg = Release|Any CPU
		{4F7B2F0A-212A-428A-86CE-E431FD8C80E6}.Release|Any CPU.Build.0 = Release|Any CPU
		{8612AB4D-6244-4781-B9FE-AB3EF8D0CD19}.Debug|Any CPU.ActiveCfg = Debug|Any CPU
		{8612AB4D-6244-4781-B9FE-AB3EF8D0CD19}.Debug|Any CPU.Build.0 = Debug|Any CPU
		{8612AB4D-6244-4781-B9FE-AB3EF8D0CD19}.Release|Any CPU.ActiveCfg = Release|Any CPU
		{8612AB4D-6244-4781-B9FE-AB3EF8D0CD19}.Release|Any CPU.Build.0 = Release|Any CPU
		{4EDB82E6-86F9-4711-98F8-9482DF595929}.Debug|Any CPU.ActiveCfg = Debug|Any CPU
		{4EDB82E6-86F9-4711-98F8-9482DF595929}.Debug|Any CPU.Build.0 = Debug|Any CPU
		{4EDB82E6-86F9-4711-98F8-9482DF595929}.Release|Any CPU.ActiveCfg = Release|Any CPU
		{4EDB82E6-86F9-4711-98F8-9482DF595929}.Release|Any CPU.Build.0 = Release|Any CPU
		{2979847A-331F-437C-AA2C-5A2ADD9BACC8}.Debug|Any CPU.ActiveCfg = Debug|Any CPU
		{2979847A-331F-437C-AA2C-5A2ADD9BACC8}.Debug|Any CPU.Build.0 = Debug|Any CPU
		{2979847A-331F-437C-AA2C-5A2ADD9BACC8}.Release|Any CPU.ActiveCfg = Release|Any CPU
		{2979847A-331F-437C-AA2C-5A2ADD9BACC8}.Release|Any CPU.Build.0 = Release|Any CPU
	EndGlobalSection
	GlobalSection(SolutionProperties) = preSolution
		HideSolutionNode = FALSE
	EndGlobalSection
	GlobalSection(ExtensibilityGlobals) = postSolution
		SolutionGuid = {D2909CF4-11DC-48E5-929D-1A40B715B443}
	EndGlobalSection
EndGlobal
